// !$*UTF8*$!
{
	archiveVersion = 1;
	classes = {
	};
	objectVersion = 55;
	objects = {

/* Begin PBXBuildFile section */
		C4305012289A86A400A43771 /* AppDelegate.swift in Sources */ = {isa = PBXBuildFile; fileRef = C4305011289A86A400A43771 /* AppDelegate.swift */; };
		C430501B289A86A700A43771 /* Assets.xcassets in Resources */ = {isa = PBXBuildFile; fileRef = C430501A289A86A700A43771 /* Assets.xcassets */; };
		C430501E289A86A700A43771 /* LaunchScreen.storyboard in Resources */ = {isa = PBXBuildFile; fileRef = C430501C289A86A700A43771 /* LaunchScreen.storyboard */; };
		C430502F289A8A8000A43771 /* FavoritesViewController.swift in Sources */ = {isa = PBXBuildFile; fileRef = C430502D289A8A8000A43771 /* FavoritesViewController.swift */; };
		C4305030289A8A8000A43771 /* FavoritesViewController.xib in Resources */ = {isa = PBXBuildFile; fileRef = C430502E289A8A8000A43771 /* FavoritesViewController.xib */; };
		C4305035289A8AA600A43771 /* ProfileViewController.swift in Sources */ = {isa = PBXBuildFile; fileRef = C4305033289A8AA600A43771 /* ProfileViewController.swift */; };
		C4305036289A8AA600A43771 /* ProfileViewController.xib in Resources */ = {isa = PBXBuildFile; fileRef = C4305034289A8AA600A43771 /* ProfileViewController.xib */; };
		C430503D289AFFFE00A43771 /* TabBarModel.swift in Sources */ = {isa = PBXBuildFile; fileRef = C430503C289AFFFE00A43771 /* TabBarModel.swift */; };
		C4305040289B036D00A43771 /* TabBarConfigurator.swift in Sources */ = {isa = PBXBuildFile; fileRef = C430503F289B036D00A43771 /* TabBarConfigurator.swift */; };
		C430504A289B348700A43771 /* MainViewController.swift in Sources */ = {isa = PBXBuildFile; fileRef = C4305048289B348700A43771 /* MainViewController.swift */; };
		C430504B289B348700A43771 /* MainViewController.xib in Resources */ = {isa = PBXBuildFile; fileRef = C4305049289B348700A43771 /* MainViewController.xib */; };
		C430504D289DADA100A43771 /* MainModel.swift in Sources */ = {isa = PBXBuildFile; fileRef = C430504C289DADA000A43771 /* MainModel.swift */; };
		C4305051289DB75D00A43771 /* MainItemCollectionViewCell.swift in Sources */ = {isa = PBXBuildFile; fileRef = C430504F289DB75D00A43771 /* MainItemCollectionViewCell.swift */; };
		C4305052289DB75D00A43771 /* MainItemCollectionViewCell.xib in Resources */ = {isa = PBXBuildFile; fileRef = C4305050289DB75D00A43771 /* MainItemCollectionViewCell.xib */; };
		C4305056289DD72800A43771 /* SearchViewController.swift in Sources */ = {isa = PBXBuildFile; fileRef = C4305054289DD72800A43771 /* SearchViewController.swift */; };
		C4305057289DD72800A43771 /* SearchViewController.xib in Resources */ = {isa = PBXBuildFile; fileRef = C4305055289DD72800A43771 /* SearchViewController.xib */; };
		C430505B289DE5B100A43771 /* DetailViewController.swift in Sources */ = {isa = PBXBuildFile; fileRef = C4305059289DE5B100A43771 /* DetailViewController.swift */; };
		C430505C289DE5B100A43771 /* DetailViewController.xib in Resources */ = {isa = PBXBuildFile; fileRef = C430505A289DE5B100A43771 /* DetailViewController.xib */; };
		C430506A289DECD900A43771 /* DetailTitleTableViewCell.swift in Sources */ = {isa = PBXBuildFile; fileRef = C4305068289DECD900A43771 /* DetailTitleTableViewCell.swift */; };
		C430506B289DECD900A43771 /* DetailTitleTableViewCell.xib in Resources */ = {isa = PBXBuildFile; fileRef = C4305069289DECD900A43771 /* DetailTitleTableViewCell.xib */; };
		C4305072289DF43D00A43771 /* DetailItemModel.swift in Sources */ = {isa = PBXBuildFile; fileRef = C4305071289DF43D00A43771 /* DetailItemModel.swift */; };
		C430507628A070E700A43771 /* FavoriteItemTableViewCell.swift in Sources */ = {isa = PBXBuildFile; fileRef = C430507428A070E700A43771 /* FavoriteItemTableViewCell.swift */; };
		C430507728A070E700A43771 /* FavoriteItemTableViewCell.xib in Resources */ = {isa = PBXBuildFile; fileRef = C430507528A070E700A43771 /* FavoriteItemTableViewCell.xib */; };
		C479E40628A7DF4600CC27DC /* DetailTextTableViewCell.swift in Sources */ = {isa = PBXBuildFile; fileRef = C479E40428A7DF4600CC27DC /* DetailTextTableViewCell.swift */; };
		C479E40728A7DF4600CC27DC /* DetailTextTableViewCell.xib in Resources */ = {isa = PBXBuildFile; fileRef = C479E40528A7DF4600CC27DC /* DetailTextTableViewCell.xib */; };
		C479E40C28A7EA8300CC27DC /* NetworkTask.swift in Sources */ = {isa = PBXBuildFile; fileRef = C479E40B28A7EA8300CC27DC /* NetworkTask.swift */; };
		C479E41028A7EEC100CC27DC /* BaseNetworkTask.swift in Sources */ = {isa = PBXBuildFile; fileRef = C479E40F28A7EEC100CC27DC /* BaseNetworkTask.swift */; };
		C479E41228A7F13A00CC27DC /* NetworkMethod.swift in Sources */ = {isa = PBXBuildFile; fileRef = C479E41128A7F13A00CC27DC /* NetworkMethod.swift */; };
		C479E41528A807A800CC27DC /* AuthService.swift in Sources */ = {isa = PBXBuildFile; fileRef = C479E41428A807A800CC27DC /* AuthService.swift */; };
		C479E41728A807B900CC27DC /* AuthRequestModel.swift in Sources */ = {isa = PBXBuildFile; fileRef = C479E41628A807B900CC27DC /* AuthRequestModel.swift */; };
		C479E41928A808B700CC27DC /* AuthResponseModel.swift in Sources */ = {isa = PBXBuildFile; fileRef = C479E41828A808B600CC27DC /* AuthResponseModel.swift */; };
		C479E41C28A80DDB00CC27DC /* EmptyModel.swift in Sources */ = {isa = PBXBuildFile; fileRef = C479E41B28A80DDB00CC27DC /* EmptyModel.swift */; };
		C479E41E28A80ECA00CC27DC /* PictereResponseModel.swift in Sources */ = {isa = PBXBuildFile; fileRef = C479E41D28A80ECA00CC27DC /* PictereResponseModel.swift */; };
		C479E42028A80F8B00CC27DC /* PicturesService.swift in Sources */ = {isa = PBXBuildFile; fileRef = C479E41F28A80F8B00CC27DC /* PicturesService.swift */; };
		C479E42328A8109700CC27DC /* TokenStorage.swift in Sources */ = {isa = PBXBuildFile; fileRef = C479E42228A8109700CC27DC /* TokenStorage.swift */; };
		C479E42528A810CA00CC27DC /* TokenContainer.swift in Sources */ = {isa = PBXBuildFile; fileRef = C479E42428A810CA00CC27DC /* TokenContainer.swift */; };
		C479E42728A8117D00CC27DC /* BaseTokenStorage.swift in Sources */ = {isa = PBXBuildFile; fileRef = C479E42628A8117D00CC27DC /* BaseTokenStorage.swift */; };
		C479E42A28A8569200CC27DC /* ImageLoader.swift in Sources */ = {isa = PBXBuildFile; fileRef = C479E42928A8569200CC27DC /* ImageLoader.swift */; };
		C479E42C28A857F100CC27DC /* UIImageView + ImageLoader.swift in Sources */ = {isa = PBXBuildFile; fileRef = C479E42B28A857F100CC27DC /* UIImageView + ImageLoader.swift */; };
		C4B182C328A7DAD4009A7868 /* DetailImageTableViewCell.swift in Sources */ = {isa = PBXBuildFile; fileRef = C4B182C128A7DAD4009A7868 /* DetailImageTableViewCell.swift */; };
		C4B182C428A7DAD4009A7868 /* DetailImageTableViewCell.xib in Resources */ = {isa = PBXBuildFile; fileRef = C4B182C228A7DAD4009A7868 /* DetailImageTableViewCell.xib */; };
/* End PBXBuildFile section */

/* Begin PBXFileReference section */
		C430500E289A86A400A43771 /* SurfSummerSchoolProject.app */ = {isa = PBXFileReference; explicitFileType = wrapper.application; includeInIndex = 0; path = SurfSummerSchoolProject.app; sourceTree = BUILT_PRODUCTS_DIR; };
		C4305011289A86A400A43771 /* AppDelegate.swift */ = {isa = PBXFileReference; lastKnownFileType = sourcecode.swift; path = AppDelegate.swift; sourceTree = "<group>"; };
		C430501A289A86A700A43771 /* Assets.xcassets */ = {isa = PBXFileReference; lastKnownFileType = folder.assetcatalog; path = Assets.xcassets; sourceTree = "<group>"; };
		C430501D289A86A700A43771 /* Base */ = {isa = PBXFileReference; lastKnownFileType = file.storyboard; name = Base; path = Base.lproj/LaunchScreen.storyboard; sourceTree = "<group>"; };
		C430501F289A86A700A43771 /* Info.plist */ = {isa = PBXFileReference; lastKnownFileType = text.plist.xml; path = Info.plist; sourceTree = "<group>"; };
		C430502D289A8A8000A43771 /* FavoritesViewController.swift */ = {isa = PBXFileReference; lastKnownFileType = sourcecode.swift; path = FavoritesViewController.swift; sourceTree = "<group>"; };
		C430502E289A8A8000A43771 /* FavoritesViewController.xib */ = {isa = PBXFileReference; lastKnownFileType = file.xib; path = FavoritesViewController.xib; sourceTree = "<group>"; };
		C4305033289A8AA600A43771 /* ProfileViewController.swift */ = {isa = PBXFileReference; lastKnownFileType = sourcecode.swift; path = ProfileViewController.swift; sourceTree = "<group>"; };
		C4305034289A8AA600A43771 /* ProfileViewController.xib */ = {isa = PBXFileReference; lastKnownFileType = file.xib; path = ProfileViewController.xib; sourceTree = "<group>"; };
		C430503C289AFFFE00A43771 /* TabBarModel.swift */ = {isa = PBXFileReference; lastKnownFileType = sourcecode.swift; path = TabBarModel.swift; sourceTree = "<group>"; };
		C430503F289B036D00A43771 /* TabBarConfigurator.swift */ = {isa = PBXFileReference; lastKnownFileType = sourcecode.swift; path = TabBarConfigurator.swift; sourceTree = "<group>"; };
		C4305048289B348700A43771 /* MainViewController.swift */ = {isa = PBXFileReference; lastKnownFileType = sourcecode.swift; path = MainViewController.swift; sourceTree = "<group>"; };
		C4305049289B348700A43771 /* MainViewController.xib */ = {isa = PBXFileReference; lastKnownFileType = file.xib; path = MainViewController.xib; sourceTree = "<group>"; };
		C430504C289DADA000A43771 /* MainModel.swift */ = {isa = PBXFileReference; lastKnownFileType = sourcecode.swift; path = MainModel.swift; sourceTree = "<group>"; };
		C430504F289DB75D00A43771 /* MainItemCollectionViewCell.swift */ = {isa = PBXFileReference; lastKnownFileType = sourcecode.swift; path = MainItemCollectionViewCell.swift; sourceTree = "<group>"; };
		C4305050289DB75D00A43771 /* MainItemCollectionViewCell.xib */ = {isa = PBXFileReference; lastKnownFileType = file.xib; path = MainItemCollectionViewCell.xib; sourceTree = "<group>"; };
		C4305054289DD72800A43771 /* SearchViewController.swift */ = {isa = PBXFileReference; lastKnownFileType = sourcecode.swift; path = SearchViewController.swift; sourceTree = "<group>"; };
		C4305055289DD72800A43771 /* SearchViewController.xib */ = {isa = PBXFileReference; lastKnownFileType = file.xib; path = SearchViewController.xib; sourceTree = "<group>"; };
		C4305059289DE5B100A43771 /* DetailViewController.swift */ = {isa = PBXFileReference; lastKnownFileType = sourcecode.swift; path = DetailViewController.swift; sourceTree = "<group>"; };
		C430505A289DE5B100A43771 /* DetailViewController.xib */ = {isa = PBXFileReference; lastKnownFileType = file.xib; path = DetailViewController.xib; sourceTree = "<group>"; };
		C4305068289DECD900A43771 /* DetailTitleTableViewCell.swift */ = {isa = PBXFileReference; lastKnownFileType = sourcecode.swift; path = DetailTitleTableViewCell.swift; sourceTree = "<group>"; };
		C4305069289DECD900A43771 /* DetailTitleTableViewCell.xib */ = {isa = PBXFileReference; lastKnownFileType = file.xib; path = DetailTitleTableViewCell.xib; sourceTree = "<group>"; };
		C4305071289DF43D00A43771 /* DetailItemModel.swift */ = {isa = PBXFileReference; lastKnownFileType = sourcecode.swift; path = DetailItemModel.swift; sourceTree = "<group>"; };
		C430507428A070E700A43771 /* FavoriteItemTableViewCell.swift */ = {isa = PBXFileReference; lastKnownFileType = sourcecode.swift; path = FavoriteItemTableViewCell.swift; sourceTree = "<group>"; };
		C430507528A070E700A43771 /* FavoriteItemTableViewCell.xib */ = {isa = PBXFileReference; lastKnownFileType = file.xib; path = FavoriteItemTableViewCell.xib; sourceTree = "<group>"; };
		C479E40428A7DF4600CC27DC /* DetailTextTableViewCell.swift */ = {isa = PBXFileReference; lastKnownFileType = sourcecode.swift; path = DetailTextTableViewCell.swift; sourceTree = "<group>"; };
		C479E40528A7DF4600CC27DC /* DetailTextTableViewCell.xib */ = {isa = PBXFileReference; lastKnownFileType = file.xib; path = DetailTextTableViewCell.xib; sourceTree = "<group>"; };
		C479E40B28A7EA8300CC27DC /* NetworkTask.swift */ = {isa = PBXFileReference; lastKnownFileType = sourcecode.swift; path = NetworkTask.swift; sourceTree = "<group>"; };
		C479E40F28A7EEC100CC27DC /* BaseNetworkTask.swift */ = {isa = PBXFileReference; lastKnownFileType = sourcecode.swift; path = BaseNetworkTask.swift; sourceTree = "<group>"; };
		C479E41128A7F13A00CC27DC /* NetworkMethod.swift */ = {isa = PBXFileReference; lastKnownFileType = sourcecode.swift; path = NetworkMethod.swift; sourceTree = "<group>"; };
		C479E41428A807A800CC27DC /* AuthService.swift */ = {isa = PBXFileReference; lastKnownFileType = sourcecode.swift; path = AuthService.swift; sourceTree = "<group>"; };
		C479E41628A807B900CC27DC /* AuthRequestModel.swift */ = {isa = PBXFileReference; lastKnownFileType = sourcecode.swift; path = AuthRequestModel.swift; sourceTree = "<group>"; };
		C479E41828A808B600CC27DC /* AuthResponseModel.swift */ = {isa = PBXFileReference; lastKnownFileType = sourcecode.swift; path = AuthResponseModel.swift; sourceTree = "<group>"; };
		C479E41B28A80DDB00CC27DC /* EmptyModel.swift */ = {isa = PBXFileReference; lastKnownFileType = sourcecode.swift; path = EmptyModel.swift; sourceTree = "<group>"; };
		C479E41D28A80ECA00CC27DC /* PictereResponseModel.swift */ = {isa = PBXFileReference; lastKnownFileType = sourcecode.swift; path = PictereResponseModel.swift; sourceTree = "<group>"; };
		C479E41F28A80F8B00CC27DC /* PicturesService.swift */ = {isa = PBXFileReference; lastKnownFileType = sourcecode.swift; path = PicturesService.swift; sourceTree = "<group>"; };
		C479E42228A8109700CC27DC /* TokenStorage.swift */ = {isa = PBXFileReference; lastKnownFileType = sourcecode.swift; path = TokenStorage.swift; sourceTree = "<group>"; };
		C479E42428A810CA00CC27DC /* TokenContainer.swift */ = {isa = PBXFileReference; lastKnownFileType = sourcecode.swift; path = TokenContainer.swift; sourceTree = "<group>"; };
		C479E42628A8117D00CC27DC /* BaseTokenStorage.swift */ = {isa = PBXFileReference; lastKnownFileType = sourcecode.swift; path = BaseTokenStorage.swift; sourceTree = "<group>"; };
		C479E42928A8569200CC27DC /* ImageLoader.swift */ = {isa = PBXFileReference; lastKnownFileType = sourcecode.swift; path = ImageLoader.swift; sourceTree = "<group>"; };
		C479E42B28A857F100CC27DC /* UIImageView + ImageLoader.swift */ = {isa = PBXFileReference; lastKnownFileType = sourcecode.swift; path = "UIImageView + ImageLoader.swift"; sourceTree = "<group>"; };
		C4B182C128A7DAD4009A7868 /* DetailImageTableViewCell.swift */ = {isa = PBXFileReference; lastKnownFileType = sourcecode.swift; path = DetailImageTableViewCell.swift; sourceTree = "<group>"; };
		C4B182C228A7DAD4009A7868 /* DetailImageTableViewCell.xib */ = {isa = PBXFileReference; lastKnownFileType = file.xib; path = DetailImageTableViewCell.xib; sourceTree = "<group>"; };
/* End PBXFileReference section */

/* Begin PBXFrameworksBuildPhase section */
		C430500B289A86A400A43771 /* Frameworks */ = {
			isa = PBXFrameworksBuildPhase;
			buildActionMask = 2147483647;
			files = (
			);
			runOnlyForDeploymentPostprocessing = 0;
		};
/* End PBXFrameworksBuildPhase section */

/* Begin PBXGroup section */
		C4305005289A86A400A43771 = {
			isa = PBXGroup;
			children = (
				C4305010289A86A400A43771 /* SurfSummerSchoolProject */,
				C430500F289A86A400A43771 /* Products */,
			);
			sourceTree = "<group>";
		};
		C430500F289A86A400A43771 /* Products */ = {
			isa = PBXGroup;
			children = (
				C430500E289A86A400A43771 /* SurfSummerSchoolProject.app */,
			);
			name = Products;
			sourceTree = "<group>";
		};
		C4305010289A86A400A43771 /* SurfSummerSchoolProject */ = {
			isa = PBXGroup;
			children = (
				C479E40828A7EA4F00CC27DC /* Services */,
				C4305011289A86A400A43771 /* AppDelegate.swift */,
				C4305025289A86B600A43771 /* Appearance */,
				C4305038289AFFB500A43771 /* MainFlow */,
			);
			path = SurfSummerSchoolProject;
			sourceTree = "<group>";
		};
		C4305025289A86B600A43771 /* Appearance */ = {
			isa = PBXGroup;
			children = (
				C430501A289A86A700A43771 /* Assets.xcassets */,
				C430501C289A86A700A43771 /* LaunchScreen.storyboard */,
				C430501F289A86A700A43771 /* Info.plist */,
			);
			path = Appearance;
			sourceTree = "<group>";
		};
		C4305026289A89B700A43771 /* MainModule */ = {
			isa = PBXGroup;
			children = (
				C430504E289DB72400A43771 /* Cells */,
				C4305048289B348700A43771 /* MainViewController.swift */,
				C4305049289B348700A43771 /* MainViewController.xib */,
				C430504C289DADA000A43771 /* MainModel.swift */,
				C4305071289DF43D00A43771 /* DetailItemModel.swift */,
			);
			path = MainModule;
			sourceTree = "<group>";
		};
		C430502B289A8A2400A43771 /* FavoritesModule */ = {
			isa = PBXGroup;
			children = (
				C430507328A06C8500A43771 /* Cells */,
				C430502D289A8A8000A43771 /* FavoritesViewController.swift */,
				C430502E289A8A8000A43771 /* FavoritesViewController.xib */,
			);
			path = FavoritesModule;
			sourceTree = "<group>";
		};
		C4305031289A8A8500A43771 /* ProfileModule */ = {
			isa = PBXGroup;
			children = (
				C4305033289A8AA600A43771 /* ProfileViewController.swift */,
				C4305034289A8AA600A43771 /* ProfileViewController.xib */,
			);
			path = ProfileModule;
			sourceTree = "<group>";
		};
		C4305037289AFE9900A43771 /* TabBar */ = {
			isa = PBXGroup;
			children = (
				C430503C289AFFFE00A43771 /* TabBarModel.swift */,
				C430503F289B036D00A43771 /* TabBarConfigurator.swift */,
			);
			path = TabBar;
			sourceTree = "<group>";
		};
		C4305038289AFFB500A43771 /* MainFlow */ = {
			isa = PBXGroup;
			children = (
				C4305058289DE58000A43771 /* DetailModule */,
				C4305026289A89B700A43771 /* MainModule */,
				C430502B289A8A2400A43771 /* FavoritesModule */,
				C4305031289A8A8500A43771 /* ProfileModule */,
				C4305053289DD6E200A43771 /* SearchModule */,
				C4305037289AFE9900A43771 /* TabBar */,
			);
			path = MainFlow;
			sourceTree = "<group>";
		};
		C430504E289DB72400A43771 /* Cells */ = {
			isa = PBXGroup;
			children = (
				C430504F289DB75D00A43771 /* MainItemCollectionViewCell.swift */,
				C4305050289DB75D00A43771 /* MainItemCollectionViewCell.xib */,
			);
			path = Cells;
			sourceTree = "<group>";
		};
		C4305053289DD6E200A43771 /* SearchModule */ = {
			isa = PBXGroup;
			children = (
				C4305054289DD72800A43771 /* SearchViewController.swift */,
				C4305055289DD72800A43771 /* SearchViewController.xib */,
			);
			path = SearchModule;
			sourceTree = "<group>";
		};
		C4305058289DE58000A43771 /* DetailModule */ = {
			isa = PBXGroup;
			children = (
				C430505D289DE9A600A43771 /* Cells */,
				C4305059289DE5B100A43771 /* DetailViewController.swift */,
				C430505A289DE5B100A43771 /* DetailViewController.xib */,
			);
			path = DetailModule;
			sourceTree = "<group>";
		};
		C430505D289DE9A600A43771 /* Cells */ = {
			isa = PBXGroup;
			children = (
				C430506C289DEFF400A43771 /* TextCell */,
				C4305067289DEC9500A43771 /* TitleCell */,
				C4305062289DE9E900A43771 /* ImageCell */,
			);
			path = Cells;
			sourceTree = "<group>";
		};
		C4305062289DE9E900A43771 /* ImageCell */ = {
			isa = PBXGroup;
			children = (
				C4B182C128A7DAD4009A7868 /* DetailImageTableViewCell.swift */,
				C4B182C228A7DAD4009A7868 /* DetailImageTableViewCell.xib */,
			);
			path = ImageCell;
			sourceTree = "<group>";
		};
		C4305067289DEC9500A43771 /* TitleCell */ = {
			isa = PBXGroup;
			children = (
				C4305068289DECD900A43771 /* DetailTitleTableViewCell.swift */,
				C4305069289DECD900A43771 /* DetailTitleTableViewCell.xib */,
			);
			path = TitleCell;
			sourceTree = "<group>";
		};
		C430506C289DEFF400A43771 /* TextCell */ = {
			isa = PBXGroup;
			children = (
				C479E40428A7DF4600CC27DC /* DetailTextTableViewCell.swift */,
				C479E40528A7DF4600CC27DC /* DetailTextTableViewCell.xib */,
			);
			path = TextCell;
			sourceTree = "<group>";
		};
		C430507328A06C8500A43771 /* Cells */ = {
			isa = PBXGroup;
			children = (
				C430507428A070E700A43771 /* FavoriteItemTableViewCell.swift */,
				C430507528A070E700A43771 /* FavoriteItemTableViewCell.xib */,
			);
			path = Cells;
			sourceTree = "<group>";
		};
		C479E40828A7EA4F00CC27DC /* Services */ = {
			isa = PBXGroup;
			children = (
				C479E42128A8108400CC27DC /* Storage */,
				C479E40928A7EA5C00CC27DC /* Networking */,
			);
			path = Services;
			sourceTree = "<group>";
		};
		C479E40928A7EA5C00CC27DC /* Networking */ = {
			isa = PBXGroup;
			children = (
				C479E42828A8565D00CC27DC /* ImageLoader */,
				C479E41A28A80D9C00CC27DC /* PicturesService */,
				C479E41328A8078E00CC27DC /* AuthService */,
				C479E40A28A7EA6300CC27DC /* Core */,
			);
			path = Networking;
			sourceTree = "<group>";
		};
		C479E40A28A7EA6300CC27DC /* Core */ = {
			isa = PBXGroup;
			children = (
				C479E40B28A7EA8300CC27DC /* NetworkTask.swift */,
				C479E41128A7F13A00CC27DC /* NetworkMethod.swift */,
				C479E40F28A7EEC100CC27DC /* BaseNetworkTask.swift */,
				C479E41B28A80DDB00CC27DC /* EmptyModel.swift */,
			);
			path = Core;
			sourceTree = "<group>";
		};
		C479E41328A8078E00CC27DC /* AuthService */ = {
			isa = PBXGroup;
			children = (
				C479E41428A807A800CC27DC /* AuthService.swift */,
				C479E41628A807B900CC27DC /* AuthRequestModel.swift */,
				C479E41828A808B600CC27DC /* AuthResponseModel.swift */,
			);
			path = AuthService;
			sourceTree = "<group>";
		};
		C479E41A28A80D9C00CC27DC /* PicturesService */ = {
			isa = PBXGroup;
			children = (
				C479E41D28A80ECA00CC27DC /* PictereResponseModel.swift */,
				C479E41F28A80F8B00CC27DC /* PicturesService.swift */,
			);
			path = PicturesService;
			sourceTree = "<group>";
		};
		C479E42128A8108400CC27DC /* Storage */ = {
			isa = PBXGroup;
			children = (
				C479E42228A8109700CC27DC /* TokenStorage.swift */,
				C479E42428A810CA00CC27DC /* TokenContainer.swift */,
				C479E42628A8117D00CC27DC /* BaseTokenStorage.swift */,
			);
			path = Storage;
			sourceTree = "<group>";
		};
		C479E42828A8565D00CC27DC /* ImageLoader */ = {
			isa = PBXGroup;
			children = (
				C479E42928A8569200CC27DC /* ImageLoader.swift */,
				C479E42B28A857F100CC27DC /* UIImageView + ImageLoader.swift */,
			);
			path = ImageLoader;
			sourceTree = "<group>";
		};
/* End PBXGroup section */

/* Begin PBXNativeTarget section */
		C430500D289A86A400A43771 /* SurfSummerSchoolProject */ = {
			isa = PBXNativeTarget;
			buildConfigurationList = C4305022289A86A700A43771 /* Build configuration list for PBXNativeTarget "SurfSummerSchoolProject" */;
			buildPhases = (
				C430500A289A86A400A43771 /* Sources */,
				C430500B289A86A400A43771 /* Frameworks */,
				C430500C289A86A400A43771 /* Resources */,
			);
			buildRules = (
			);
			dependencies = (
			);
			name = SurfSummerSchoolProject;
			productName = SurfSummerSchoolProject;
			productReference = C430500E289A86A400A43771 /* SurfSummerSchoolProject.app */;
			productType = "com.apple.product-type.application";
		};
/* End PBXNativeTarget section */

/* Begin PBXProject section */
		C4305006289A86A400A43771 /* Project object */ = {
			isa = PBXProject;
			attributes = {
				BuildIndependentTargetsInParallel = 1;
				LastSwiftUpdateCheck = 1330;
				LastUpgradeCheck = 1330;
				TargetAttributes = {
					C430500D289A86A400A43771 = {
						CreatedOnToolsVersion = 13.3;
					};
				};
			};
			buildConfigurationList = C4305009289A86A400A43771 /* Build configuration list for PBXProject "SurfSummerSchoolProject" */;
			compatibilityVersion = "Xcode 13.0";
			developmentRegion = en;
			hasScannedForEncodings = 0;
			knownRegions = (
				en,
				Base,
			);
			mainGroup = C4305005289A86A400A43771;
			productRefGroup = C430500F289A86A400A43771 /* Products */;
			projectDirPath = "";
			projectRoot = "";
			targets = (
				C430500D289A86A400A43771 /* SurfSummerSchoolProject */,
			);
		};
/* End PBXProject section */

/* Begin PBXResourcesBuildPhase section */
		C430500C289A86A400A43771 /* Resources */ = {
			isa = PBXResourcesBuildPhase;
			buildActionMask = 2147483647;
			files = (
				C430507728A070E700A43771 /* FavoriteItemTableViewCell.xib in Resources */,
				C430506B289DECD900A43771 /* DetailTitleTableViewCell.xib in Resources */,
				C479E40728A7DF4600CC27DC /* DetailTextTableViewCell.xib in Resources */,
				C430501E289A86A700A43771 /* LaunchScreen.storyboard in Resources */,
				C4305030289A8A8000A43771 /* FavoritesViewController.xib in Resources */,
				C4305052289DB75D00A43771 /* MainItemCollectionViewCell.xib in Resources */,
				C430505C289DE5B100A43771 /* DetailViewController.xib in Resources */,
				C430504B289B348700A43771 /* MainViewController.xib in Resources */,
				C4305036289A8AA600A43771 /* ProfileViewController.xib in Resources */,
				C4B182C428A7DAD4009A7868 /* DetailImageTableViewCell.xib in Resources */,
				C430501B289A86A700A43771 /* Assets.xcassets in Resources */,
				C4305057289DD72800A43771 /* SearchViewController.xib in Resources */,
			);
			runOnlyForDeploymentPostprocessing = 0;
		};
/* End PBXResourcesBuildPhase section */

/* Begin PBXSourcesBuildPhase section */
		C430500A289A86A400A43771 /* Sources */ = {
			isa = PBXSourcesBuildPhase;
			buildActionMask = 2147483647;
			files = (
				C479E42028A80F8B00CC27DC /* PicturesService.swift in Sources */,
				C4305035289A8AA600A43771 /* ProfileViewController.swift in Sources */,
				C479E42728A8117D00CC27DC /* BaseTokenStorage.swift in Sources */,
				C430502F289A8A8000A43771 /* FavoritesViewController.swift in Sources */,
				C4305012289A86A400A43771 /* AppDelegate.swift in Sources */,
				C430506A289DECD900A43771 /* DetailTitleTableViewCell.swift in Sources */,
				C4305072289DF43D00A43771 /* DetailItemModel.swift in Sources */,
				C479E41C28A80DDB00CC27DC /* EmptyModel.swift in Sources */,
				C479E41728A807B900CC27DC /* AuthRequestModel.swift in Sources */,
				C4305056289DD72800A43771 /* SearchViewController.swift in Sources */,
				C479E42C28A857F100CC27DC /* UIImageView + ImageLoader.swift in Sources */,
				C479E41528A807A800CC27DC /* AuthService.swift in Sources */,
				C430507628A070E700A43771 /* FavoriteItemTableViewCell.swift in Sources */,
				C479E41928A808B700CC27DC /* AuthResponseModel.swift in Sources */,
				C479E42328A8109700CC27DC /* TokenStorage.swift in Sources */,
				C479E42A28A8569200CC27DC /* ImageLoader.swift in Sources */,
				C430504A289B348700A43771 /* MainViewController.swift in Sources */,
				C4305051289DB75D00A43771 /* MainItemCollectionViewCell.swift in Sources */,
				C479E40C28A7EA8300CC27DC /* NetworkTask.swift in Sources */,
				C479E40628A7DF4600CC27DC /* DetailTextTableViewCell.swift in Sources */,
				C479E41228A7F13A00CC27DC /* NetworkMethod.swift in Sources */,
				C430504D289DADA100A43771 /* MainModel.swift in Sources */,
				C479E41028A7EEC100CC27DC /* BaseNetworkTask.swift in Sources */,
				C430505B289DE5B100A43771 /* DetailViewController.swift in Sources */,
				C4B182C328A7DAD4009A7868 /* DetailImageTableViewCell.swift in Sources */,
				C479E41E28A80ECA00CC27DC /* PictereResponseModel.swift in Sources */,
				C4305040289B036D00A43771 /* TabBarConfigurator.swift in Sources */,
				C430503D289AFFFE00A43771 /* TabBarModel.swift in Sources */,
				C479E42528A810CA00CC27DC /* TokenContainer.swift in Sources */,
			);
			runOnlyForDeploymentPostprocessing = 0;
		};
/* End PBXSourcesBuildPhase section */

/* Begin PBXVariantGroup section */
		C430501C289A86A700A43771 /* LaunchScreen.storyboard */ = {
			isa = PBXVariantGroup;
			children = (
				C430501D289A86A700A43771 /* Base */,
			);
			name = LaunchScreen.storyboard;
			sourceTree = "<group>";
		};
/* End PBXVariantGroup section */

/* Begin XCBuildConfiguration section */
		C4305020289A86A700A43771 /* Debug */ = {
			isa = XCBuildConfiguration;
			buildSettings = {
				ALWAYS_SEARCH_USER_PATHS = NO;
				CLANG_ANALYZER_NONNULL = YES;
				CLANG_ANALYZER_NUMBER_OBJECT_CONVERSION = YES_AGGRESSIVE;
				CLANG_CXX_LANGUAGE_STANDARD = "gnu++17";
				CLANG_ENABLE_MODULES = YES;
				CLANG_ENABLE_OBJC_ARC = YES;
				CLANG_ENABLE_OBJC_WEAK = YES;
				CLANG_WARN_BLOCK_CAPTURE_AUTORELEASING = YES;
				CLANG_WARN_BOOL_CONVERSION = YES;
				CLANG_WARN_COMMA = YES;
				CLANG_WARN_CONSTANT_CONVERSION = YES;
				CLANG_WARN_DEPRECATED_OBJC_IMPLEMENTATIONS = YES;
				CLANG_WARN_DIRECT_OBJC_ISA_USAGE = YES_ERROR;
				CLANG_WARN_DOCUMENTATION_COMMENTS = YES;
				CLANG_WARN_EMPTY_BODY = YES;
				CLANG_WARN_ENUM_CONVERSION = YES;
				CLANG_WARN_INFINITE_RECURSION = YES;
				CLANG_WARN_INT_CONVERSION = YES;
				CLANG_WARN_NON_LITERAL_NULL_CONVERSION = YES;
				CLANG_WARN_OBJC_IMPLICIT_RETAIN_SELF = YES;
				CLANG_WARN_OBJC_LITERAL_CONVERSION = YES;
				CLANG_WARN_OBJC_ROOT_CLASS = YES_ERROR;
				CLANG_WARN_QUOTED_INCLUDE_IN_FRAMEWORK_HEADER = YES;
				CLANG_WARN_RANGE_LOOP_ANALYSIS = YES;
				CLANG_WARN_STRICT_PROTOTYPES = YES;
				CLANG_WARN_SUSPICIOUS_MOVE = YES;
				CLANG_WARN_UNGUARDED_AVAILABILITY = YES_AGGRESSIVE;
				CLANG_WARN_UNREACHABLE_CODE = YES;
				CLANG_WARN__DUPLICATE_METHOD_MATCH = YES;
				COPY_PHASE_STRIP = NO;
				DEBUG_INFORMATION_FORMAT = dwarf;
				ENABLE_STRICT_OBJC_MSGSEND = YES;
				ENABLE_TESTABILITY = YES;
				GCC_C_LANGUAGE_STANDARD = gnu11;
				GCC_DYNAMIC_NO_PIC = NO;
				GCC_NO_COMMON_BLOCKS = YES;
				GCC_OPTIMIZATION_LEVEL = 0;
				GCC_PREPROCESSOR_DEFINITIONS = (
					"DEBUG=1",
					"$(inherited)",
				);
				GCC_WARN_64_TO_32_BIT_CONVERSION = YES;
				GCC_WARN_ABOUT_RETURN_TYPE = YES_ERROR;
				GCC_WARN_UNDECLARED_SELECTOR = YES;
				GCC_WARN_UNINITIALIZED_AUTOS = YES_AGGRESSIVE;
				GCC_WARN_UNUSED_FUNCTION = YES;
				GCC_WARN_UNUSED_VARIABLE = YES;
				IPHONEOS_DEPLOYMENT_TARGET = 15.4;
				MTL_ENABLE_DEBUG_INFO = INCLUDE_SOURCE;
				MTL_FAST_MATH = YES;
				ONLY_ACTIVE_ARCH = YES;
				SDKROOT = iphoneos;
				SWIFT_ACTIVE_COMPILATION_CONDITIONS = DEBUG;
				SWIFT_OPTIMIZATION_LEVEL = "-Onone";
			};
			name = Debug;
		};
		C4305021289A86A700A43771 /* Release */ = {
			isa = XCBuildConfiguration;
			buildSettings = {
				ALWAYS_SEARCH_USER_PATHS = NO;
				CLANG_ANALYZER_NONNULL = YES;
				CLANG_ANALYZER_NUMBER_OBJECT_CONVERSION = YES_AGGRESSIVE;
				CLANG_CXX_LANGUAGE_STANDARD = "gnu++17";
				CLANG_ENABLE_MODULES = YES;
				CLANG_ENABLE_OBJC_ARC = YES;
				CLANG_ENABLE_OBJC_WEAK = YES;
				CLANG_WARN_BLOCK_CAPTURE_AUTORELEASING = YES;
				CLANG_WARN_BOOL_CONVERSION = YES;
				CLANG_WARN_COMMA = YES;
				CLANG_WARN_CONSTANT_CONVERSION = YES;
				CLANG_WARN_DEPRECATED_OBJC_IMPLEMENTATIONS = YES;
				CLANG_WARN_DIRECT_OBJC_ISA_USAGE = YES_ERROR;
				CLANG_WARN_DOCUMENTATION_COMMENTS = YES;
				CLANG_WARN_EMPTY_BODY = YES;
				CLANG_WARN_ENUM_CONVERSION = YES;
				CLANG_WARN_INFINITE_RECURSION = YES;
				CLANG_WARN_INT_CONVERSION = YES;
				CLANG_WARN_NON_LITERAL_NULL_CONVERSION = YES;
				CLANG_WARN_OBJC_IMPLICIT_RETAIN_SELF = YES;
				CLANG_WARN_OBJC_LITERAL_CONVERSION = YES;
				CLANG_WARN_OBJC_ROOT_CLASS = YES_ERROR;
				CLANG_WARN_QUOTED_INCLUDE_IN_FRAMEWORK_HEADER = YES;
				CLANG_WARN_RANGE_LOOP_ANALYSIS = YES;
				CLANG_WARN_STRICT_PROTOTYPES = YES;
				CLANG_WARN_SUSPICIOUS_MOVE = YES;
				CLANG_WARN_UNGUARDED_AVAILABILITY = YES_AGGRESSIVE;
				CLANG_WARN_UNREACHABLE_CODE = YES;
				CLANG_WARN__DUPLICATE_METHOD_MATCH = YES;
				COPY_PHASE_STRIP = NO;
				DEBUG_INFORMATION_FORMAT = "dwarf-with-dsym";
				ENABLE_NS_ASSERTIONS = NO;
				ENABLE_STRICT_OBJC_MSGSEND = YES;
				GCC_C_LANGUAGE_STANDARD = gnu11;
				GCC_NO_COMMON_BLOCKS = YES;
				GCC_WARN_64_TO_32_BIT_CONVERSION = YES;
				GCC_WARN_ABOUT_RETURN_TYPE = YES_ERROR;
				GCC_WARN_UNDECLARED_SELECTOR = YES;
				GCC_WARN_UNINITIALIZED_AUTOS = YES_AGGRESSIVE;
				GCC_WARN_UNUSED_FUNCTION = YES;
				GCC_WARN_UNUSED_VARIABLE = YES;
				IPHONEOS_DEPLOYMENT_TARGET = 15.4;
				MTL_ENABLE_DEBUG_INFO = NO;
				MTL_FAST_MATH = YES;
				SDKROOT = iphoneos;
				SWIFT_COMPILATION_MODE = wholemodule;
				SWIFT_OPTIMIZATION_LEVEL = "-O";
				VALIDATE_PRODUCT = YES;
			};
			name = Release;
		};
		C4305023289A86A700A43771 /* Debug */ = {
			isa = XCBuildConfiguration;
			buildSettings = {
				ASSETCATALOG_COMPILER_APPICON_NAME = AppIcon;
				ASSETCATALOG_COMPILER_GLOBAL_ACCENT_COLOR_NAME = AccentColor;
				CODE_SIGN_STYLE = Automatic;
				CURRENT_PROJECT_VERSION = 1;
				DEVELOPMENT_TEAM = HXD5CYVJM9;
				GENERATE_INFOPLIST_FILE = YES;
				INFOPLIST_FILE = SurfSummerSchoolProject/Appearance/Info.plist;
				INFOPLIST_KEY_UIApplicationSupportsIndirectInputEvents = YES;
				INFOPLIST_KEY_UILaunchStoryboardName = LaunchScreen;
				INFOPLIST_KEY_UISupportedInterfaceOrientations_iPad = "UIInterfaceOrientationPortrait UIInterfaceOrientationPortraitUpsideDown UIInterfaceOrientationLandscapeLeft UIInterfaceOrientationLandscapeRight";
				INFOPLIST_KEY_UISupportedInterfaceOrientations_iPhone = "UIInterfaceOrientationPortrait UIInterfaceOrientationLandscapeLeft UIInterfaceOrientationLandscapeRight";
				LD_RUNPATH_SEARCH_PATHS = (
					"$(inherited)",
					"@executable_path/Frameworks",
				);
				MARKETING_VERSION = 1.0;
				PRODUCT_BUNDLE_IDENTIFIER = kolesnikov.SurfSummerSchoolProject;
				PRODUCT_NAME = "$(TARGET_NAME)";
				SWIFT_EMIT_LOC_STRINGS = YES;
				SWIFT_VERSION = 5.0;
				TARGETED_DEVICE_FAMILY = 1;
			};
			name = Debug;
		};
		C4305024289A86A700A43771 /* Release */ = {
			isa = XCBuildConfiguration;
			buildSettings = {
				ASSETCATALOG_COMPILER_APPICON_NAME = AppIcon;
				ASSETCATALOG_COMPILER_GLOBAL_ACCENT_COLOR_NAME = AccentColor;
				CODE_SIGN_STYLE = Automatic;
				CURRENT_PROJECT_VERSION = 1;
				DEVELOPMENT_TEAM = HXD5CYVJM9;
				GENERATE_INFOPLIST_FILE = YES;
				INFOPLIST_FILE = SurfSummerSchoolProject/Appearance/Info.plist;
				INFOPLIST_KEY_UIApplicationSupportsIndirectInputEvents = YES;
				INFOPLIST_KEY_UILaunchStoryboardName = LaunchScreen;
				INFOPLIST_KEY_UISupportedInterfaceOrientations_iPad = "UIInterfaceOrientationPortrait UIInterfaceOrientationPortraitUpsideDown UIInterfaceOrientationLandscapeLeft UIInterfaceOrientationLandscapeRight";
				INFOPLIST_KEY_UISupportedInterfaceOrientations_iPhone = "UIInterfaceOrientationPortrait UIInterfaceOrientationLandscapeLeft UIInterfaceOrientationLandscapeRight";
				LD_RUNPATH_SEARCH_PATHS = (
					"$(inherited)",
					"@executable_path/Frameworks",
				);
				MARKETING_VERSION = 1.0;
				PRODUCT_BUNDLE_IDENTIFIER = kolesnikov.SurfSummerSchoolProject;
				PRODUCT_NAME = "$(TARGET_NAME)";
				SWIFT_EMIT_LOC_STRINGS = YES;
				SWIFT_VERSION = 5.0;
				TARGETED_DEVICE_FAMILY = 1;
			};
			name = Release;
		};
/* End XCBuildConfiguration section */

/* Begin XCConfigurationList section */
		C4305009289A86A400A43771 /* Build configuration list for PBXProject "SurfSummerSchoolProject" */ = {
			isa = XCConfigurationList;
			buildConfigurations = (
				C4305020289A86A700A43771 /* Debug */,
				C4305021289A86A700A43771 /* Release */,
			);
			defaultConfigurationIsVisible = 0;
			defaultConfigurationName = Release;
		};
		C4305022289A86A700A43771 /* Build configuration list for PBXNativeTarget "SurfSummerSchoolProject" */ = {
			isa = XCConfigurationList;
			buildConfigurations = (
				C4305023289A86A700A43771 /* Debug */,
				C4305024289A86A700A43771 /* Release */,
			);
			defaultConfigurationIsVisible = 0;
			defaultConfigurationName = Release;
		};
/* End XCConfigurationList section */
	};
	rootObject = C4305006289A86A400A43771 /* Project object */;
}
